
Microsoft Visual Studio Solution File, Format Version 12.00
# Visual Studio Version 16
VisualStudioVersion = 16.0.30406.217
MinimumVisualStudioVersion = 10.0.40219.1
Project("{FAE04EC0-301F-11D3-BF4B-00C04F79EFBC}") = "PaymentContext.Domain", "PaymentContext.Domain\PaymentContext.Domain.csproj", "{CFBB00CD-D66A-442C-A0B4-35EAC8317422}"
EndProject
Project("{FAE04EC0-301F-11D3-BF4B-00C04F79EFBC}") = "PaymentContext.Shared", "PaymentContext.Shared\PaymentContext.Shared.csproj", "{9E32414B-798B-458F-B1AC-B12E1C3C0D57}"
EndProject
Project("{FAE04EC0-301F-11D3-BF4B-00C04F79EFBC}") = "PaymentContext.Tests", "PaymentContext.Tests\PaymentContext.Tests.csproj", "{98F223B0-A0D5-4F72-A844-C5A06A064FAF}"
EndProject
Global
	GlobalSection(SolutionConfigurationPlatforms) = preSolution
		Debug|Any CPU = Debug|Any CPU
		Release|Any CPU = Release|Any CPU
	EndGlobalSection
	GlobalSection(ProjectConfigurationPlatforms) = postSolution
		{CFBB00CD-D66A-442C-A0B4-35EAC8317422}.Debug|Any CPU.ActiveCfg = Debug|Any CPU
		{CFBB00CD-D66A-442C-A0B4-35EAC8317422}.Debug|Any CPU.Build.0 = Debug|Any CPU
		{CFBB00CD-D66A-442C-A0B4-35EAC8317422}.Release|Any CPU.ActiveCfg = Release|Any CPU
		{CFBB00CD-D66A-442C-A0B4-35EAC8317422}.Release|Any CPU.Build.0 = Release|Any CPU
		{9E32414B-798B-458F-B1AC-B12E1C3C0D57}.Debug|Any CPU.ActiveCfg = Debug|Any CPU
		{9E32414B-798B-458F-B1AC-B12E1C3C0D57}.Debug|Any CPU.Build.0 = Debug|Any CPU
		{9E32414B-798B-458F-B1AC-B12E1C3C0D57}.Release|Any CPU.ActiveCfg = Release|Any CPU
		{9E32414B-798B-458F-B1AC-B12E1C3C0D57}.Release|Any CPU.Build.0 = Release|Any CPU
		{98F223B0-A0D5-4F72-A844-C5A06A064FAF}.Debug|Any CPU.ActiveCfg = Debug|Any CPU
		{98F223B0-A0D5-4F72-A844-C5A06A064FAF}.Debug|Any CPU.Build.0 = Debug|Any CPU
		{98F223B0-A0D5-4F72-A844-C5A06A064FAF}.Release|Any CPU.ActiveCfg = Release|Any CPU
		{98F223B0-A0D5-4F72-A844-C5A06A064FAF}.Release|Any CPU.Build.0 = Release|Any CPU
	EndGlobalSection
	GlobalSection(SolutionProperties) = preSolution
		HideSolutionNode = FALSE
	EndGlobalSection
	GlobalSection(ExtensibilityGlobals) = postSolution
		SolutionGuid = {CB105E2C-1E82-43EE-836A-6EB22AA55200}
	EndGlobalSection
EndGlobal
